// !$*UTF8*$!
{
	archiveVersion = 1;
	classes = {
	};
	objectVersion = 56;
	objects = {

/* Begin PBXBuildFile section */
		D94859A428D9E6900092EF23 /* ARTouristGuideApp.swift in Sources */ = {isa = PBXBuildFile; fileRef = D94859A328D9E6900092EF23 /* ARTouristGuideApp.swift */; };
		D94859A628D9E6900092EF23 /* LandingView.swift in Sources */ = {isa = PBXBuildFile; fileRef = D94859A528D9E6900092EF23 /* LandingView.swift */; };
		D94859AB28D9E69B0092EF23 /* Preview Assets.xcassets in Resources */ = {isa = PBXBuildFile; fileRef = D94859AA28D9E69B0092EF23 /* Preview Assets.xcassets */; };
		D94859B628D9EB790092EF23 /* Assets.xcassets in Resources */ = {isa = PBXBuildFile; fileRef = D94859B528D9EB790092EF23 /* Assets.xcassets */; };
		D94859B928D9EBBC0092EF23 /* Colors.xcassets in Resources */ = {isa = PBXBuildFile; fileRef = D94859B728D9EBBB0092EF23 /* Colors.xcassets */; };
		D94859BA28D9EBBC0092EF23 /* Images.xcassets in Resources */ = {isa = PBXBuildFile; fileRef = D94859B828D9EBBC0092EF23 /* Images.xcassets */; };
		D94859BE28D9EBD40092EF23 /* ColorsCatalog.swift in Sources */ = {isa = PBXBuildFile; fileRef = D94859BC28D9EBD30092EF23 /* ColorsCatalog.swift */; };
		D94859C528D9EC560092EF23 /* ProximaNovaT-Bold.ttf in Resources */ = {isa = PBXBuildFile; fileRef = D94859C228D9EC560092EF23 /* ProximaNovaT-Bold.ttf */; };
		D94859C628D9EC560092EF23 /* ProximaNovaT-Regular.ttf in Resources */ = {isa = PBXBuildFile; fileRef = D94859C328D9EC560092EF23 /* ProximaNovaT-Regular.ttf */; };
		D94859C728D9EC560092EF23 /* ProximaNovaT-Semibold.ttf in Resources */ = {isa = PBXBuildFile; fileRef = D94859C428D9EC560092EF23 /* ProximaNovaT-Semibold.ttf */; };
		D94859CA28D9ED9D0092EF23 /* FontsCatalog.swift in Sources */ = {isa = PBXBuildFile; fileRef = D94859C928D9ED9D0092EF23 /* FontsCatalog.swift */; };
		D94859D328D9F1E50092EF23 /* CameraView.swift in Sources */ = {isa = PBXBuildFile; fileRef = D94859D228D9F1E50092EF23 /* CameraView.swift */; };
		D94859D528D9F2120092EF23 /* LocationsView.swift in Sources */ = {isa = PBXBuildFile; fileRef = D94859D428D9F2120092EF23 /* LocationsView.swift */; };
		D94859D828D9F2290092EF23 /* VisitedView.swift in Sources */ = {isa = PBXBuildFile; fileRef = D94859D728D9F2290092EF23 /* VisitedView.swift */; };
		D94859E028D9F3B60092EF23 /* TabBarItem.swift in Sources */ = {isa = PBXBuildFile; fileRef = D94859DC28D9F3B60092EF23 /* TabBarItem.swift */; };
		D94859E128D9F3B60092EF23 /* TabBarItemsPreferenceKey.swift in Sources */ = {isa = PBXBuildFile; fileRef = D94859DD28D9F3B60092EF23 /* TabBarItemsPreferenceKey.swift */; };
		D94859E228D9F3B60092EF23 /* TabBarView.swift in Sources */ = {isa = PBXBuildFile; fileRef = D94859DE28D9F3B60092EF23 /* TabBarView.swift */; };
		D94859E328D9F3B60092EF23 /* TabBarContainerView.swift in Sources */ = {isa = PBXBuildFile; fileRef = D94859DF28D9F3B60092EF23 /* TabBarContainerView.swift */; };
		D94859E728D9F5270092EF23 /* ARViewModel.swift in Sources */ = {isa = PBXBuildFile; fileRef = D94859E628D9F5270092EF23 /* ARViewModel.swift */; };
		D94859E928D9F5390092EF23 /* ARViewContainer.swift in Sources */ = {isa = PBXBuildFile; fileRef = D94859E828D9F5390092EF23 /* ARViewContainer.swift */; };
		D94859EC28D9F92A0092EF23 /* LocationUIModel.swift in Sources */ = {isa = PBXBuildFile; fileRef = D94859EB28D9F92A0092EF23 /* LocationUIModel.swift */; };
		D94859EE28D9F9490092EF23 /* ImageSource.swift in Sources */ = {isa = PBXBuildFile; fileRef = D94859ED28D9F9490092EF23 /* ImageSource.swift */; };
		D94859F128D9FA2E0092EF23 /* LocationsViewModel.swift in Sources */ = {isa = PBXBuildFile; fileRef = D94859F028D9FA2E0092EF23 /* LocationsViewModel.swift */; };
		D9671B0A28DC482800FFA653 /* SpacingCatalog.swift in Sources */ = {isa = PBXBuildFile; fileRef = D9671B0928DC482800FFA653 /* SpacingCatalog.swift */; };
		D9671B0C28DC4B3600FFA653 /* CornerRadiusCatalog.swift in Sources */ = {isa = PBXBuildFile; fileRef = D9671B0B28DC4B3600FFA653 /* CornerRadiusCatalog.swift */; };
		D9671B1028DC5F6200FFA653 /* MapPinView.swift in Sources */ = {isa = PBXBuildFile; fileRef = D9671B0F28DC5F6200FFA653 /* MapPinView.swift */; };
		D9671B1628DC7CCB00FFA653 /* View+Size.swift in Sources */ = {isa = PBXBuildFile; fileRef = D9671B1528DC7CCB00FFA653 /* View+Size.swift */; };
		D9671B1828DC824E00FFA653 /* LocationPreviewView.swift in Sources */ = {isa = PBXBuildFile; fileRef = D9671B1728DC824E00FFA653 /* LocationPreviewView.swift */; };
/* End PBXBuildFile section */

/* Begin PBXFileReference section */
		D94859A028D9E6900092EF23 /* ARTouristGuide.app */ = {isa = PBXFileReference; explicitFileType = wrapper.application; includeInIndex = 0; path = ARTouristGuide.app; sourceTree = BUILT_PRODUCTS_DIR; };
		D94859A328D9E6900092EF23 /* ARTouristGuideApp.swift */ = {isa = PBXFileReference; lastKnownFileType = sourcecode.swift; path = ARTouristGuideApp.swift; sourceTree = "<group>"; };
		D94859A528D9E6900092EF23 /* LandingView.swift */ = {isa = PBXFileReference; lastKnownFileType = sourcecode.swift; path = LandingView.swift; sourceTree = "<group>"; };
		D94859AA28D9E69B0092EF23 /* Preview Assets.xcassets */ = {isa = PBXFileReference; lastKnownFileType = folder.assetcatalog; path = "Preview Assets.xcassets"; sourceTree = "<group>"; };
		D94859B528D9EB790092EF23 /* Assets.xcassets */ = {isa = PBXFileReference; lastKnownFileType = folder.assetcatalog; path = Assets.xcassets; sourceTree = "<group>"; };
		D94859B728D9EBBB0092EF23 /* Colors.xcassets */ = {isa = PBXFileReference; lastKnownFileType = folder.assetcatalog; path = Colors.xcassets; sourceTree = "<group>"; };
		D94859B828D9EBBC0092EF23 /* Images.xcassets */ = {isa = PBXFileReference; lastKnownFileType = folder.assetcatalog; path = Images.xcassets; sourceTree = "<group>"; };
		D94859BC28D9EBD30092EF23 /* ColorsCatalog.swift */ = {isa = PBXFileReference; fileEncoding = 4; lastKnownFileType = sourcecode.swift; path = ColorsCatalog.swift; sourceTree = "<group>"; };
		D94859C228D9EC560092EF23 /* ProximaNovaT-Bold.ttf */ = {isa = PBXFileReference; lastKnownFileType = file; path = "ProximaNovaT-Bold.ttf"; sourceTree = "<group>"; };
		D94859C328D9EC560092EF23 /* ProximaNovaT-Regular.ttf */ = {isa = PBXFileReference; lastKnownFileType = file; path = "ProximaNovaT-Regular.ttf"; sourceTree = "<group>"; };
		D94859C428D9EC560092EF23 /* ProximaNovaT-Semibold.ttf */ = {isa = PBXFileReference; lastKnownFileType = file; path = "ProximaNovaT-Semibold.ttf"; sourceTree = "<group>"; };
		D94859C828D9ED5B0092EF23 /* Info.plist */ = {isa = PBXFileReference; lastKnownFileType = text.plist; path = Info.plist; sourceTree = "<group>"; };
		D94859C928D9ED9D0092EF23 /* FontsCatalog.swift */ = {isa = PBXFileReference; lastKnownFileType = sourcecode.swift; path = FontsCatalog.swift; sourceTree = "<group>"; };
		D94859D228D9F1E50092EF23 /* CameraView.swift */ = {isa = PBXFileReference; lastKnownFileType = sourcecode.swift; path = CameraView.swift; sourceTree = "<group>"; };
		D94859D428D9F2120092EF23 /* LocationsView.swift */ = {isa = PBXFileReference; lastKnownFileType = sourcecode.swift; path = LocationsView.swift; sourceTree = "<group>"; };
		D94859D728D9F2290092EF23 /* VisitedView.swift */ = {isa = PBXFileReference; lastKnownFileType = sourcecode.swift; path = VisitedView.swift; sourceTree = "<group>"; };
		D94859DC28D9F3B60092EF23 /* TabBarItem.swift */ = {isa = PBXFileReference; fileEncoding = 4; lastKnownFileType = sourcecode.swift; path = TabBarItem.swift; sourceTree = "<group>"; };
		D94859DD28D9F3B60092EF23 /* TabBarItemsPreferenceKey.swift */ = {isa = PBXFileReference; fileEncoding = 4; lastKnownFileType = sourcecode.swift; path = TabBarItemsPreferenceKey.swift; sourceTree = "<group>"; };
		D94859DE28D9F3B60092EF23 /* TabBarView.swift */ = {isa = PBXFileReference; fileEncoding = 4; lastKnownFileType = sourcecode.swift; path = TabBarView.swift; sourceTree = "<group>"; };
		D94859DF28D9F3B60092EF23 /* TabBarContainerView.swift */ = {isa = PBXFileReference; fileEncoding = 4; lastKnownFileType = sourcecode.swift; path = TabBarContainerView.swift; sourceTree = "<group>"; };
		D94859E628D9F5270092EF23 /* ARViewModel.swift */ = {isa = PBXFileReference; fileEncoding = 4; lastKnownFileType = sourcecode.swift; path = ARViewModel.swift; sourceTree = "<group>"; };
		D94859E828D9F5390092EF23 /* ARViewContainer.swift */ = {isa = PBXFileReference; fileEncoding = 4; lastKnownFileType = sourcecode.swift; path = ARViewContainer.swift; sourceTree = "<group>"; };
		D94859EB28D9F92A0092EF23 /* LocationUIModel.swift */ = {isa = PBXFileReference; fileEncoding = 4; lastKnownFileType = sourcecode.swift; path = LocationUIModel.swift; sourceTree = "<group>"; };
		D94859ED28D9F9490092EF23 /* ImageSource.swift */ = {isa = PBXFileReference; fileEncoding = 4; lastKnownFileType = sourcecode.swift; path = ImageSource.swift; sourceTree = "<group>"; };
		D94859F028D9FA2E0092EF23 /* LocationsViewModel.swift */ = {isa = PBXFileReference; lastKnownFileType = sourcecode.swift; path = LocationsViewModel.swift; sourceTree = "<group>"; };
		D9671B0928DC482800FFA653 /* SpacingCatalog.swift */ = {isa = PBXFileReference; lastKnownFileType = sourcecode.swift; path = SpacingCatalog.swift; sourceTree = "<group>"; };
		D9671B0B28DC4B3600FFA653 /* CornerRadiusCatalog.swift */ = {isa = PBXFileReference; lastKnownFileType = sourcecode.swift; path = CornerRadiusCatalog.swift; sourceTree = "<group>"; };
		D9671B0F28DC5F6200FFA653 /* MapPinView.swift */ = {isa = PBXFileReference; lastKnownFileType = sourcecode.swift; path = MapPinView.swift; sourceTree = "<group>"; };
		D9671B1528DC7CCB00FFA653 /* View+Size.swift */ = {isa = PBXFileReference; lastKnownFileType = sourcecode.swift; path = "View+Size.swift"; sourceTree = "<group>"; };
		D9671B1728DC824E00FFA653 /* LocationPreviewView.swift */ = {isa = PBXFileReference; lastKnownFileType = sourcecode.swift; path = LocationPreviewView.swift; sourceTree = "<group>"; };
/* End PBXFileReference section */

/* Begin PBXFrameworksBuildPhase section */
		D948599D28D9E6900092EF23 /* Frameworks */ = {
			isa = PBXFrameworksBuildPhase;
			buildActionMask = 2147483647;
			files = (
			);
			runOnlyForDeploymentPostprocessing = 0;
		};
/* End PBXFrameworksBuildPhase section */

/* Begin PBXGroup section */
		D948599728D9E6900092EF23 = {
			isa = PBXGroup;
			children = (
				D94859A228D9E6900092EF23 /* ARTouristGuide */,
				D94859A128D9E6900092EF23 /* Products */,
			);
			sourceTree = "<group>";
		};
		D94859A128D9E6900092EF23 /* Products */ = {
			isa = PBXGroup;
			children = (
				D94859A028D9E6900092EF23 /* ARTouristGuide.app */,
			);
			name = Products;
			sourceTree = "<group>";
		};
		D94859A228D9E6900092EF23 /* ARTouristGuide */ = {
			isa = PBXGroup;
			children = (
				D94859C828D9ED5B0092EF23 /* Info.plist */,
				D94859A328D9E6900092EF23 /* ARTouristGuideApp.swift */,
				D94859CB28D9EFD60092EF23 /* Landing */,
				D94859CD28D9F00B0092EF23 /* Common */,
				D94859CC28D9F0030092EF23 /* Features */,
				D94859DA28D9F3920092EF23 /* ContainerViews */,
				D94859F228DA031E0092EF23 /* Utilities */,
				D94859BB28D9EBC60092EF23 /* Theme */,
				D94859B428D9EB790092EF23 /* Resources */,
				D94859A928D9E69B0092EF23 /* Preview Content */,
			);
			path = ARTouristGuide;
			sourceTree = "<group>";
		};
		D94859A928D9E69B0092EF23 /* Preview Content */ = {
			isa = PBXGroup;
			children = (
				D94859AA28D9E69B0092EF23 /* Preview Assets.xcassets */,
			);
			path = "Preview Content";
			sourceTree = "<group>";
		};
		D94859B428D9EB790092EF23 /* Resources */ = {
			isa = PBXGroup;
			children = (
				D94859C128D9EC560092EF23 /* Fonts */,
				D94859B528D9EB790092EF23 /* Assets.xcassets */,
				D94859B728D9EBBB0092EF23 /* Colors.xcassets */,
				D94859B828D9EBBC0092EF23 /* Images.xcassets */,
			);
			path = Resources;
			sourceTree = "<group>";
		};
		D94859BB28D9EBC60092EF23 /* Theme */ = {
			isa = PBXGroup;
			children = (
				D94859BC28D9EBD30092EF23 /* ColorsCatalog.swift */,
				D94859C928D9ED9D0092EF23 /* FontsCatalog.swift */,
				D9671B0928DC482800FFA653 /* SpacingCatalog.swift */,
				D9671B0B28DC4B3600FFA653 /* CornerRadiusCatalog.swift */,
			);
			path = Theme;
			sourceTree = "<group>";
		};
		D94859C128D9EC560092EF23 /* Fonts */ = {
			isa = PBXGroup;
			children = (
				D94859C228D9EC560092EF23 /* ProximaNovaT-Bold.ttf */,
				D94859C328D9EC560092EF23 /* ProximaNovaT-Regular.ttf */,
				D94859C428D9EC560092EF23 /* ProximaNovaT-Semibold.ttf */,
			);
			path = Fonts;
			sourceTree = "<group>";
		};
		D94859CB28D9EFD60092EF23 /* Landing */ = {
			isa = PBXGroup;
			children = (
				D94859A528D9E6900092EF23 /* LandingView.swift */,
			);
			path = Landing;
			sourceTree = "<group>";
		};
		D94859CC28D9F0030092EF23 /* Features */ = {
			isa = PBXGroup;
			children = (
				D94859CE28D9F18E0092EF23 /* Camera */,
				D94859CF28D9F1A00092EF23 /* Locations */,
				D94859D028D9F1A40092EF23 /* Visited */,
			);
			path = Features;
			sourceTree = "<group>";
		};
		D94859CD28D9F00B0092EF23 /* Common */ = {
			isa = PBXGroup;
			children = (
			);
			path = Common;
			sourceTree = "<group>";
		};
		D94859CE28D9F18E0092EF23 /* Camera */ = {
			isa = PBXGroup;
			children = (
				D94859E428D9F5270092EF23 /* Model */,
				D94859E528D9F5270092EF23 /* ViewModel */,
				D94859D128D9F1D10092EF23 /* Views */,
			);
			path = Camera;
			sourceTree = "<group>";
		};
		D94859CF28D9F1A00092EF23 /* Locations */ = {
			isa = PBXGroup;
			children = (
				D94859EA28D9F92A0092EF23 /* Model */,
				D94859EF28D9FA1B0092EF23 /* ViewModel */,
				D94859D928D9F2320092EF23 /* Views */,
			);
			path = Locations;
			sourceTree = "<group>";
		};
		D94859D028D9F1A40092EF23 /* Visited */ = {
			isa = PBXGroup;
			children = (
				D94859D628D9F21E0092EF23 /* Views */,
			);
			path = Visited;
			sourceTree = "<group>";
		};
		D94859D128D9F1D10092EF23 /* Views */ = {
			isa = PBXGroup;
			children = (
				D94859E828D9F5390092EF23 /* ARViewContainer.swift */,
				D94859D228D9F1E50092EF23 /* CameraView.swift */,
			);
			path = Views;
			sourceTree = "<group>";
		};
		D94859D628D9F21E0092EF23 /* Views */ = {
			isa = PBXGroup;
			children = (
				D94859D728D9F2290092EF23 /* VisitedView.swift */,
			);
			path = Views;
			sourceTree = "<group>";
		};
		D94859D928D9F2320092EF23 /* Views */ = {
			isa = PBXGroup;
			children = (
				D94859D428D9F2120092EF23 /* LocationsView.swift */,
				D9671B0F28DC5F6200FFA653 /* MapPinView.swift */,
				D9671B1728DC824E00FFA653 /* LocationPreviewView.swift */,
			);
			path = Views;
			sourceTree = "<group>";
		};
		D94859DA28D9F3920092EF23 /* ContainerViews */ = {
			isa = PBXGroup;
			children = (
				D94859DB28D9F3B60092EF23 /* TabBar */,
			);
			path = ContainerViews;
			sourceTree = "<group>";
		};
		D94859DB28D9F3B60092EF23 /* TabBar */ = {
			isa = PBXGroup;
			children = (
				D94859DC28D9F3B60092EF23 /* TabBarItem.swift */,
				D94859DD28D9F3B60092EF23 /* TabBarItemsPreferenceKey.swift */,
				D94859DE28D9F3B60092EF23 /* TabBarView.swift */,
				D94859DF28D9F3B60092EF23 /* TabBarContainerView.swift */,
			);
			path = TabBar;
			sourceTree = "<group>";
		};
		D94859E428D9F5270092EF23 /* Model */ = {
			isa = PBXGroup;
			children = (
			);
			path = Model;
			sourceTree = "<group>";
		};
		D94859E528D9F5270092EF23 /* ViewModel */ = {
			isa = PBXGroup;
			children = (
				D94859E628D9F5270092EF23 /* ARViewModel.swift */,
			);
			path = ViewModel;
			sourceTree = "<group>";
		};
		D94859EA28D9F92A0092EF23 /* Model */ = {
			isa = PBXGroup;
			children = (
				D94859ED28D9F9490092EF23 /* ImageSource.swift */,
				D94859EB28D9F92A0092EF23 /* LocationUIModel.swift */,
			);
			path = Model;
			sourceTree = "<group>";
		};
		D94859EF28D9FA1B0092EF23 /* ViewModel */ = {
			isa = PBXGroup;
			children = (
				D94859F028D9FA2E0092EF23 /* LocationsViewModel.swift */,
			);
			path = ViewModel;
			sourceTree = "<group>";
		};
		D94859F228DA031E0092EF23 /* Utilities */ = {
			isa = PBXGroup;
			children = (
				D9671B1528DC7CCB00FFA653 /* View+Size.swift */,
			);
			path = Utilities;
			sourceTree = "<group>";
		};
/* End PBXGroup section */

/* Begin PBXNativeTarget section */
		D948599F28D9E6900092EF23 /* ARTouristGuide */ = {
			isa = PBXNativeTarget;
			buildConfigurationList = D94859AE28D9E69B0092EF23 /* Build configuration list for PBXNativeTarget "ARTouristGuide" */;
			buildPhases = (
				D948599C28D9E6900092EF23 /* Sources */,
				D948599D28D9E6900092EF23 /* Frameworks */,
				D948599E28D9E6900092EF23 /* Resources */,
			);
			buildRules = (
			);
			dependencies = (
			);
			name = ARTouristGuide;
			productName = ARTouristGuide;
			productReference = D94859A028D9E6900092EF23 /* ARTouristGuide.app */;
			productType = "com.apple.product-type.application";
		};
/* End PBXNativeTarget section */

/* Begin PBXProject section */
		D948599828D9E6900092EF23 /* Project object */ = {
			isa = PBXProject;
			attributes = {
				BuildIndependentTargetsInParallel = 1;
				LastSwiftUpdateCheck = 1400;
				LastUpgradeCheck = 1400;
				TargetAttributes = {
					D948599F28D9E6900092EF23 = {
						CreatedOnToolsVersion = 14.0;
					};
				};
			};
			buildConfigurationList = D948599B28D9E6900092EF23 /* Build configuration list for PBXProject "ARTouristGuide" */;
			compatibilityVersion = "Xcode 14.0";
			developmentRegion = en;
			hasScannedForEncodings = 0;
			knownRegions = (
				en,
				Base,
			);
			mainGroup = D948599728D9E6900092EF23;
			productRefGroup = D94859A128D9E6900092EF23 /* Products */;
			projectDirPath = "";
			projectRoot = "";
			targets = (
				D948599F28D9E6900092EF23 /* ARTouristGuide */,
			);
		};
/* End PBXProject section */

/* Begin PBXResourcesBuildPhase section */
		D948599E28D9E6900092EF23 /* Resources */ = {
			isa = PBXResourcesBuildPhase;
			buildActionMask = 2147483647;
			files = (
				D94859B928D9EBBC0092EF23 /* Colors.xcassets in Resources */,
				D94859BA28D9EBBC0092EF23 /* Images.xcassets in Resources */,
				D94859AB28D9E69B0092EF23 /* Preview Assets.xcassets in Resources */,
				D94859C728D9EC560092EF23 /* ProximaNovaT-Semibold.ttf in Resources */,
				D94859C528D9EC560092EF23 /* ProximaNovaT-Bold.ttf in Resources */,
				D94859B628D9EB790092EF23 /* Assets.xcassets in Resources */,
				D94859C628D9EC560092EF23 /* ProximaNovaT-Regular.ttf in Resources */,
			);
			runOnlyForDeploymentPostprocessing = 0;
		};
/* End PBXResourcesBuildPhase section */

/* Begin PBXSourcesBuildPhase section */
		D948599C28D9E6900092EF23 /* Sources */ = {
			isa = PBXSourcesBuildPhase;
			buildActionMask = 2147483647;
			files = (
				D94859BE28D9EBD40092EF23 /* ColorsCatalog.swift in Sources */,
				D94859EE28D9F9490092EF23 /* ImageSource.swift in Sources */,
				D9671B0A28DC482800FFA653 /* SpacingCatalog.swift in Sources */,
				D94859D528D9F2120092EF23 /* LocationsView.swift in Sources */,
				D94859A628D9E6900092EF23 /* LandingView.swift in Sources */,
				D94859E728D9F5270092EF23 /* ARViewModel.swift in Sources */,
				D9671B0C28DC4B3600FFA653 /* CornerRadiusCatalog.swift in Sources */,
				D94859D828D9F2290092EF23 /* VisitedView.swift in Sources */,
				D94859CA28D9ED9D0092EF23 /* FontsCatalog.swift in Sources */,
				D9671B1628DC7CCB00FFA653 /* View+Size.swift in Sources */,
				D94859EC28D9F92A0092EF23 /* LocationUIModel.swift in Sources */,
				D94859E928D9F5390092EF23 /* ARViewContainer.swift in Sources */,
				D94859D328D9F1E50092EF23 /* CameraView.swift in Sources */,
				D94859E128D9F3B60092EF23 /* TabBarItemsPreferenceKey.swift in Sources */,
				D94859F128D9FA2E0092EF23 /* LocationsViewModel.swift in Sources */,
				D94859E028D9F3B60092EF23 /* TabBarItem.swift in Sources */,
				D9671B1828DC824E00FFA653 /* LocationPreviewView.swift in Sources */,
				D94859E328D9F3B60092EF23 /* TabBarContainerView.swift in Sources */,
				D9671B1028DC5F6200FFA653 /* MapPinView.swift in Sources */,
				D94859E228D9F3B60092EF23 /* TabBarView.swift in Sources */,
				D94859A428D9E6900092EF23 /* ARTouristGuideApp.swift in Sources */,
			);
			runOnlyForDeploymentPostprocessing = 0;
		};
/* End PBXSourcesBuildPhase section */

/* Begin XCBuildConfiguration section */
		D94859AC28D9E69B0092EF23 /* Debug */ = {
			isa = XCBuildConfiguration;
			buildSettings = {
				ALWAYS_SEARCH_USER_PATHS = NO;
				CLANG_ANALYZER_NONNULL = YES;
				CLANG_ANALYZER_NUMBER_OBJECT_CONVERSION = YES_AGGRESSIVE;
				CLANG_CXX_LANGUAGE_STANDARD = "gnu++20";
				CLANG_ENABLE_MODULES = YES;
				CLANG_ENABLE_OBJC_ARC = YES;
				CLANG_ENABLE_OBJC_WEAK = YES;
				CLANG_WARN_BLOCK_CAPTURE_AUTORELEASING = YES;
				CLANG_WARN_BOOL_CONVERSION = YES;
				CLANG_WARN_COMMA = YES;
				CLANG_WARN_CONSTANT_CONVERSION = YES;
				CLANG_WARN_DEPRECATED_OBJC_IMPLEMENTATIONS = YES;
				CLANG_WARN_DIRECT_OBJC_ISA_USAGE = YES_ERROR;
				CLANG_WARN_DOCUMENTATION_COMMENTS = YES;
				CLANG_WARN_EMPTY_BODY = YES;
				CLANG_WARN_ENUM_CONVERSION = YES;
				CLANG_WARN_INFINITE_RECURSION = YES;
				CLANG_WARN_INT_CONVERSION = YES;
				CLANG_WARN_NON_LITERAL_NULL_CONVERSION = YES;
				CLANG_WARN_OBJC_IMPLICIT_RETAIN_SELF = YES;
				CLANG_WARN_OBJC_LITERAL_CONVERSION = YES;
				CLANG_WARN_OBJC_ROOT_CLASS = YES_ERROR;
				CLANG_WARN_QUOTED_INCLUDE_IN_FRAMEWORK_HEADER = YES;
				CLANG_WARN_RANGE_LOOP_ANALYSIS = YES;
				CLANG_WARN_STRICT_PROTOTYPES = YES;
				CLANG_WARN_SUSPICIOUS_MOVE = YES;
				CLANG_WARN_UNGUARDED_AVAILABILITY = YES_AGGRESSIVE;
				CLANG_WARN_UNREACHABLE_CODE = YES;
				CLANG_WARN__DUPLICATE_METHOD_MATCH = YES;
				COPY_PHASE_STRIP = NO;
				DEBUG_INFORMATION_FORMAT = dwarf;
				ENABLE_STRICT_OBJC_MSGSEND = YES;
				ENABLE_TESTABILITY = YES;
				GCC_C_LANGUAGE_STANDARD = gnu11;
				GCC_DYNAMIC_NO_PIC = NO;
				GCC_NO_COMMON_BLOCKS = YES;
				GCC_OPTIMIZATION_LEVEL = 0;
				GCC_PREPROCESSOR_DEFINITIONS = (
					"DEBUG=1",
					"$(inherited)",
				);
				GCC_WARN_64_TO_32_BIT_CONVERSION = YES;
				GCC_WARN_ABOUT_RETURN_TYPE = YES_ERROR;
				GCC_WARN_UNDECLARED_SELECTOR = YES;
				GCC_WARN_UNINITIALIZED_AUTOS = YES_AGGRESSIVE;
				GCC_WARN_UNUSED_FUNCTION = YES;
				GCC_WARN_UNUSED_VARIABLE = YES;
				INFOPLIST_KEY_NSCameraUsageDescription = "Camera Acces";
				INFOPLIST_KEY_NSLocationAlwaysUsageDescription = "";
				INFOPLIST_KEY_NSLocationWhenInUseUsageDescription = "Enable Location";
				IPHONEOS_DEPLOYMENT_TARGET = 15.0;
				MTL_ENABLE_DEBUG_INFO = INCLUDE_SOURCE;
				MTL_FAST_MATH = YES;
				ONLY_ACTIVE_ARCH = YES;
				SDKROOT = iphoneos;
				SWIFT_ACTIVE_COMPILATION_CONDITIONS = DEBUG;
				SWIFT_OPTIMIZATION_LEVEL = "-Onone";
			};
			name = Debug;
		};
		D94859AD28D9E69B0092EF23 /* Release */ = {
			isa = XCBuildConfiguration;
			buildSettings = {
				ALWAYS_SEARCH_USER_PATHS = NO;
				CLANG_ANALYZER_NONNULL = YES;
				CLANG_ANALYZER_NUMBER_OBJECT_CONVERSION = YES_AGGRESSIVE;
				CLANG_CXX_LANGUAGE_STANDARD = "gnu++20";
				CLANG_ENABLE_MODULES = YES;
				CLANG_ENABLE_OBJC_ARC = YES;
				CLANG_ENABLE_OBJC_WEAK = YES;
				CLANG_WARN_BLOCK_CAPTURE_AUTORELEASING = YES;
				CLANG_WARN_BOOL_CONVERSION = YES;
				CLANG_WARN_COMMA = YES;
				CLANG_WARN_CONSTANT_CONVERSION = YES;
				CLANG_WARN_DEPRECATED_OBJC_IMPLEMENTATIONS = YES;
				CLANG_WARN_DIRECT_OBJC_ISA_USAGE = YES_ERROR;
				CLANG_WARN_DOCUMENTATION_COMMENTS = YES;
				CLANG_WARN_EMPTY_BODY = YES;
				CLANG_WARN_ENUM_CONVERSION = YES;
				CLANG_WARN_INFINITE_RECURSION = YES;
				CLANG_WARN_INT_CONVERSION = YES;
				CLANG_WARN_NON_LITERAL_NULL_CONVERSION = YES;
				CLANG_WARN_OBJC_IMPLICIT_RETAIN_SELF = YES;
				CLANG_WARN_OBJC_LITERAL_CONVERSION = YES;
				CLANG_WARN_OBJC_ROOT_CLASS = YES_ERROR;
				CLANG_WARN_QUOTED_INCLUDE_IN_FRAMEWORK_HEADER = YES;
				CLANG_WARN_RANGE_LOOP_ANALYSIS = YES;
				CLANG_WARN_STRICT_PROTOTYPES = YES;
				CLANG_WARN_SUSPICIOUS_MOVE = YES;
				CLANG_WARN_UNGUARDED_AVAILABILITY = YES_AGGRESSIVE;
				CLANG_WARN_UNREACHABLE_CODE = YES;
				CLANG_WARN__DUPLICATE_METHOD_MATCH = YES;
				COPY_PHASE_STRIP = NO;
				DEBUG_INFORMATION_FORMAT = "dwarf-with-dsym";
				ENABLE_NS_ASSERTIONS = NO;
				ENABLE_STRICT_OBJC_MSGSEND = YES;
				GCC_C_LANGUAGE_STANDARD = gnu11;
				GCC_NO_COMMON_BLOCKS = YES;
				GCC_WARN_64_TO_32_BIT_CONVERSION = YES;
				GCC_WARN_ABOUT_RETURN_TYPE = YES_ERROR;
				GCC_WARN_UNDECLARED_SELECTOR = YES;
				GCC_WARN_UNINITIALIZED_AUTOS = YES_AGGRESSIVE;
				GCC_WARN_UNUSED_FUNCTION = YES;
				GCC_WARN_UNUSED_VARIABLE = YES;
				INFOPLIST_KEY_NSCameraUsageDescription = "Camera Acces";
				INFOPLIST_KEY_NSLocationAlwaysUsageDescription = "";
				INFOPLIST_KEY_NSLocationWhenInUseUsageDescription = "Enable Location";
				IPHONEOS_DEPLOYMENT_TARGET = 15.0;
				MTL_ENABLE_DEBUG_INFO = NO;
				MTL_FAST_MATH = YES;
				SDKROOT = iphoneos;
				SWIFT_COMPILATION_MODE = wholemodule;
				SWIFT_OPTIMIZATION_LEVEL = "-O";
				VALIDATE_PRODUCT = YES;
			};
			name = Release;
		};
		D94859AF28D9E69B0092EF23 /* Debug */ = {
			isa = XCBuildConfiguration;
			buildSettings = {
				ASSETCATALOG_COMPILER_APPICON_NAME = AppIcon;
				ASSETCATALOG_COMPILER_GLOBAL_ACCENT_COLOR_NAME = AccentColor;
				CODE_SIGN_STYLE = Automatic;
				CURRENT_PROJECT_VERSION = 1;
				DEVELOPMENT_ASSET_PATHS = "\"ARTouristGuide/Preview Content\"";
				DEVELOPMENT_TEAM = ZK6RDFQAA2;
				ENABLE_PREVIEWS = YES;
				GENERATE_INFOPLIST_FILE = YES;
				INFOPLIST_FILE = ARTouristGuide/Info.plist;
				INFOPLIST_KEY_UIApplicationSceneManifest_Generation = YES;
				INFOPLIST_KEY_UIApplicationSupportsIndirectInputEvents = YES;
				INFOPLIST_KEY_UILaunchScreen_Generation = YES;
				INFOPLIST_KEY_UISupportedInterfaceOrientations_iPad = "UIInterfaceOrientationPortrait UIInterfaceOrientationPortraitUpsideDown UIInterfaceOrientationLandscapeLeft UIInterfaceOrientationLandscapeRight";
				INFOPLIST_KEY_UISupportedInterfaceOrientations_iPhone = "UIInterfaceOrientationPortrait UIInterfaceOrientationLandscapeLeft UIInterfaceOrientationLandscapeRight";
				IPHONEOS_DEPLOYMENT_TARGET = 15.0;
				LD_RUNPATH_SEARCH_PATHS = (
					"$(inherited)",
					"@executable_path/Frameworks",
				);
				MARKETING_VERSION = 1.0;
				PRODUCT_BUNDLE_IDENTIFIER = com.tarciziu.ARTouristGuide;
				PRODUCT_NAME = "$(TARGET_NAME)";
				SWIFT_EMIT_LOC_STRINGS = YES;
				SWIFT_VERSION = 5.0;
				TARGETED_DEVICE_FAMILY = "1,2";
			};
			name = Debug;
		};
		D94859B028D9E69B0092EF23 /* Release */ = {
			isa = XCBuildConfiguration;
			buildSettings = {
				ASSETCATALOG_COMPILER_APPICON_NAME = AppIcon;
				ASSETCATALOG_COMPILER_GLOBAL_ACCENT_COLOR_NAME = AccentColor;
				CODE_SIGN_STYLE = Automatic;
				CURRENT_PROJECT_VERSION = 1;
				DEVELOPMENT_ASSET_PATHS = "\"ARTouristGuide/Preview Content\"";
				DEVELOPMENT_TEAM = ZK6RDFQAA2;
				ENABLE_PREVIEWS = YES;
				GENERATE_INFOPLIST_FILE = YES;
				INFOPLIST_FILE = ARTouristGuide/Info.plist;
				INFOPLIST_KEY_UIApplicationSceneManifest_Generation = YES;
				INFOPLIST_KEY_UIApplicationSupportsIndirectInputEvents = YES;
				INFOPLIST_KEY_UILaunchScreen_Generation = YES;
				INFOPLIST_KEY_UISupportedInterfaceOrientations_iPad = "UIInterfaceOrientationPortrait UIInterfaceOrientationPortraitUpsideDown UIInterfaceOrientationLandscapeLeft UIInterfaceOrientationLandscapeRight";
				INFOPLIST_KEY_UISupportedInterfaceOrientations_iPhone = "UIInterfaceOrientationPortrait UIInterfaceOrientationLandscapeLeft UIInterfaceOrientationLandscapeRight";
				IPHONEOS_DEPLOYMENT_TARGET = 15.0;
				LD_RUNPATH_SEARCH_PATHS = (
					"$(inherited)",
					"@executable_path/Frameworks",
				);
				MARKETING_VERSION = 1.0;
				PRODUCT_BUNDLE_IDENTIFIER = com.tarciziu.ARTouristGuide;
				PRODUCT_NAME = "$(TARGET_NAME)";
				SWIFT_EMIT_LOC_STRINGS = YES;
				SWIFT_VERSION = 5.0;
				TARGETED_DEVICE_FAMILY = "1,2";
			};
			name = Release;
		};
/* End XCBuildConfiguration section */

/* Begin XCConfigurationList section */
		D948599B28D9E6900092EF23 /* Build configuration list for PBXProject "ARTouristGuide" */ = {
			isa = XCConfigurationList;
			buildConfigurations = (
				D94859AC28D9E69B0092EF23 /* Debug */,
				D94859AD28D9E69B0092EF23 /* Release */,
			);
			defaultConfigurationIsVisible = 0;
			defaultConfigurationName = Release;
		};
		D94859AE28D9E69B0092EF23 /* Build configuration list for PBXNativeTarget "ARTouristGuide" */ = {
			isa = XCConfigurationList;
			buildConfigurations = (
				D94859AF28D9E69B0092EF23 /* Debug */,
				D94859B028D9E69B0092EF23 /* Release */,
			);
			defaultConfigurationIsVisible = 0;
			defaultConfigurationName = Release;
		};
/* End XCConfigurationList section */
	};
	rootObject = D948599828D9E6900092EF23 /* Project object */;
}
